// !$*UTF8*$!
{
	archiveVersion = 1;
	classes = {
	};
	objectVersion = 46;
	objects = {

/* Begin PBXBuildFile section */
		51AA2C25665D2F66C160C149 /* Pods_TTTodolistSample.framework in Frameworks */ = {isa = PBXBuildFile; fileRef = 29430AD16DBB9077A42EFD44 /* Pods_TTTodolistSample.framework */; settings = {ATTRIBUTES = (Weak, ); }; };
		875A05BC1B69853F0083B2B0 /* AppDelegate.swift in Sources */ = {isa = PBXBuildFile; fileRef = 875A05BB1B69853F0083B2B0 /* AppDelegate.swift */; };
		875A05BF1B69853F0083B2B0 /* TTTodolistSample.xcdatamodeld in Sources */ = {isa = PBXBuildFile; fileRef = 875A05BD1B69853F0083B2B0 /* TTTodolistSample.xcdatamodeld */; };
		875A05C11B69853F0083B2B0 /* TodoListViewController.swift in Sources */ = {isa = PBXBuildFile; fileRef = 875A05C01B69853F0083B2B0 /* TodoListViewController.swift */; };
		875A05C31B69853F0083B2B0 /* TodoDetailViewController.swift in Sources */ = {isa = PBXBuildFile; fileRef = 875A05C21B69853F0083B2B0 /* TodoDetailViewController.swift */; };
		875A05C61B69853F0083B2B0 /* Main.storyboard in Resources */ = {isa = PBXBuildFile; fileRef = 875A05C41B69853F0083B2B0 /* Main.storyboard */; };
		875A05C81B69853F0083B2B0 /* Assets.xcassets in Resources */ = {isa = PBXBuildFile; fileRef = 875A05C71B69853F0083B2B0 /* Assets.xcassets */; };
		875A05CB1B69853F0083B2B0 /* LaunchScreen.storyboard in Resources */ = {isa = PBXBuildFile; fileRef = 875A05C91B69853F0083B2B0 /* LaunchScreen.storyboard */; };
		875A05D61B69853F0083B2B0 /* TTTodolistSampleTests.swift in Sources */ = {isa = PBXBuildFile; fileRef = 875A05D51B69853F0083B2B0 /* TTTodolistSampleTests.swift */; };
		875A05E11B69853F0083B2B0 /* TTTodolistSampleUITests.swift in Sources */ = {isa = PBXBuildFile; fileRef = 875A05E01B69853F0083B2B0 /* TTTodolistSampleUITests.swift */; };
		877D62741B6B4286003C4D43 /* TodoEditViewController.swift in Sources */ = {isa = PBXBuildFile; fileRef = 877D62731B6B4286003C4D43 /* TodoEditViewController.swift */; };
		877D62751B6B4286003C4D43 /* TodoEditViewController.swift in Sources */ = {isa = PBXBuildFile; fileRef = 877D62731B6B4286003C4D43 /* TodoEditViewController.swift */; };
		877D62761B6B4286003C4D43 /* TodoEditViewController.swift in Sources */ = {isa = PBXBuildFile; fileRef = 877D62731B6B4286003C4D43 /* TodoEditViewController.swift */; };
		87E61C051B6993B4007067E9 /* TodoSampleAPI.swift in Sources */ = {isa = PBXBuildFile; fileRef = 87E61C041B6993B4007067E9 /* TodoSampleAPI.swift */; };
		87E61C061B6993B4007067E9 /* TodoSampleAPI.swift in Sources */ = {isa = PBXBuildFile; fileRef = 87E61C041B6993B4007067E9 /* TodoSampleAPI.swift */; };
		87E61C071B6993B4007067E9 /* TodoSampleAPI.swift in Sources */ = {isa = PBXBuildFile; fileRef = 87E61C041B6993B4007067E9 /* TodoSampleAPI.swift */; };
/* End PBXBuildFile section */

/* Begin PBXContainerItemProxy section */
		875A05D21B69853F0083B2B0 /* PBXContainerItemProxy */ = {
			isa = PBXContainerItemProxy;
			containerPortal = 875A05B01B69853E0083B2B0 /* Project object */;
			proxyType = 1;
			remoteGlobalIDString = 875A05B71B69853F0083B2B0;
			remoteInfo = TTTodolistSample;
		};
		875A05DD1B69853F0083B2B0 /* PBXContainerItemProxy */ = {
			isa = PBXContainerItemProxy;
			containerPortal = 875A05B01B69853E0083B2B0 /* Project object */;
			proxyType = 1;
			remoteGlobalIDString = 875A05B71B69853F0083B2B0;
			remoteInfo = TTTodolistSample;
		};
/* End PBXContainerItemProxy section */

/* Begin PBXFileReference section */
		29430AD16DBB9077A42EFD44 /* Pods_TTTodolistSample.framework */ = {isa = PBXFileReference; explicitFileType = wrapper.framework; includeInIndex = 0; path = Pods_TTTodolistSample.framework; sourceTree = BUILT_PRODUCTS_DIR; };
		3E80B0940D262067A7264603 /* Pods-TTTodolistSample.release.xcconfig */ = {isa = PBXFileReference; includeInIndex = 1; lastKnownFileType = text.xcconfig; name = "Pods-TTTodolistSample.release.xcconfig"; path = "Pods/Target Support Files/Pods-TTTodolistSample/Pods-TTTodolistSample.release.xcconfig"; sourceTree = "<group>"; };
		7062D338675FE940B1147AF3 /* Pods-TTTodolistSample.debug.xcconfig */ = {isa = PBXFileReference; includeInIndex = 1; lastKnownFileType = text.xcconfig; name = "Pods-TTTodolistSample.debug.xcconfig"; path = "Pods/Target Support Files/Pods-TTTodolistSample/Pods-TTTodolistSample.debug.xcconfig"; sourceTree = "<group>"; };
		875A05B81B69853F0083B2B0 /* TTTodolistSample.app */ = {isa = PBXFileReference; explicitFileType = wrapper.application; includeInIndex = 0; path = TTTodolistSample.app; sourceTree = BUILT_PRODUCTS_DIR; };
		875A05BB1B69853F0083B2B0 /* AppDelegate.swift */ = {isa = PBXFileReference; lastKnownFileType = sourcecode.swift; path = AppDelegate.swift; sourceTree = "<group>"; };
		875A05BE1B69853F0083B2B0 /* TTTodolistSample.xcdatamodel */ = {isa = PBXFileReference; lastKnownFileType = wrapper.xcdatamodel; path = TTTodolistSample.xcdatamodel; sourceTree = "<group>"; };
		875A05C01B69853F0083B2B0 /* TodoListViewController.swift */ = {isa = PBXFileReference; lastKnownFileType = sourcecode.swift; path = TodoListViewController.swift; sourceTree = "<group>"; };
		875A05C21B69853F0083B2B0 /* TodoDetailViewController.swift */ = {isa = PBXFileReference; lastKnownFileType = sourcecode.swift; path = TodoDetailViewController.swift; sourceTree = "<group>"; };
		875A05C51B69853F0083B2B0 /* Base */ = {isa = PBXFileReference; lastKnownFileType = file.storyboard; name = Base; path = Base.lproj/Main.storyboard; sourceTree = "<group>"; };
		875A05C71B69853F0083B2B0 /* Assets.xcassets */ = {isa = PBXFileReference; lastKnownFileType = folder.assetcatalog; path = Assets.xcassets; sourceTree = "<group>"; };
		875A05CA1B69853F0083B2B0 /* Base */ = {isa = PBXFileReference; lastKnownFileType = file.storyboard; name = Base; path = Base.lproj/LaunchScreen.storyboard; sourceTree = "<group>"; };
		875A05CC1B69853F0083B2B0 /* Info.plist */ = {isa = PBXFileReference; lastKnownFileType = text.plist.xml; path = Info.plist; sourceTree = "<group>"; };
		875A05D11B69853F0083B2B0 /* TTTodolistSampleTests.xctest */ = {isa = PBXFileReference; explicitFileType = wrapper.cfbundle; includeInIndex = 0; path = TTTodolistSampleTests.xctest; sourceTree = BUILT_PRODUCTS_DIR; };
		875A05D51B69853F0083B2B0 /* TTTodolistSampleTests.swift */ = {isa = PBXFileReference; lastKnownFileType = sourcecode.swift; path = TTTodolistSampleTests.swift; sourceTree = "<group>"; };
		875A05D71B69853F0083B2B0 /* Info.plist */ = {isa = PBXFileReference; lastKnownFileType = text.plist.xml; path = Info.plist; sourceTree = "<group>"; };
		875A05DC1B69853F0083B2B0 /* TTTodolistSampleUITests.xctest */ = {isa = PBXFileReference; explicitFileType = wrapper.cfbundle; includeInIndex = 0; path = TTTodolistSampleUITests.xctest; sourceTree = BUILT_PRODUCTS_DIR; };
		875A05E01B69853F0083B2B0 /* TTTodolistSampleUITests.swift */ = {isa = PBXFileReference; lastKnownFileType = sourcecode.swift; path = TTTodolistSampleUITests.swift; sourceTree = "<group>"; };
		875A05E21B69853F0083B2B0 /* Info.plist */ = {isa = PBXFileReference; lastKnownFileType = text.plist.xml; path = Info.plist; sourceTree = "<group>"; };
		877D62731B6B4286003C4D43 /* TodoEditViewController.swift */ = {isa = PBXFileReference; fileEncoding = 4; lastKnownFileType = sourcecode.swift; path = TodoEditViewController.swift; sourceTree = "<group>"; };
		87E61C041B6993B4007067E9 /* TodoSampleAPI.swift */ = {isa = PBXFileReference; fileEncoding = 4; lastKnownFileType = sourcecode.swift; path = TodoSampleAPI.swift; sourceTree = "<group>"; };
/* End PBXFileReference section */

/* Begin PBXFrameworksBuildPhase section */
		875A05B51B69853F0083B2B0 /* Frameworks */ = {
			isa = PBXFrameworksBuildPhase;
			buildActionMask = 2147483647;
			files = (
				51AA2C25665D2F66C160C149 /* Pods_TTTodolistSample.framework in Frameworks */,
			);
			runOnlyForDeploymentPostprocessing = 0;
		};
		875A05CE1B69853F0083B2B0 /* Frameworks */ = {
			isa = PBXFrameworksBuildPhase;
			buildActionMask = 2147483647;
			files = (
			);
			runOnlyForDeploymentPostprocessing = 0;
		};
		875A05D91B69853F0083B2B0 /* Frameworks */ = {
			isa = PBXFrameworksBuildPhase;
			buildActionMask = 2147483647;
			files = (
			);
			runOnlyForDeploymentPostprocessing = 0;
		};
/* End PBXFrameworksBuildPhase section */

/* Begin PBXGroup section */
		25DF7376857EF7F049A15E52 /* Frameworks */ = {
			isa = PBXGroup;
			children = (
				29430AD16DBB9077A42EFD44 /* Pods_TTTodolistSample.framework */,
			);
			name = Frameworks;
			sourceTree = "<group>";
		};
		7279A979B1456A4BEE2B78CA /* Pods */ = {
			isa = PBXGroup;
			children = (
				7062D338675FE940B1147AF3 /* Pods-TTTodolistSample.debug.xcconfig */,
				3E80B0940D262067A7264603 /* Pods-TTTodolistSample.release.xcconfig */,
			);
			name = Pods;
			sourceTree = "<group>";
		};
		875A05AF1B69853E0083B2B0 = {
			isa = PBXGroup;
			children = (
				875A05BA1B69853F0083B2B0 /* TTTodolistSample */,
				875A05D41B69853F0083B2B0 /* TTTodolistSampleTests */,
				875A05DF1B69853F0083B2B0 /* TTTodolistSampleUITests */,
				875A05B91B69853F0083B2B0 /* Products */,
				7279A979B1456A4BEE2B78CA /* Pods */,
				25DF7376857EF7F049A15E52 /* Frameworks */,
			);
			sourceTree = "<group>";
		};
		875A05B91B69853F0083B2B0 /* Products */ = {
			isa = PBXGroup;
			children = (
				875A05B81B69853F0083B2B0 /* TTTodolistSample.app */,
				875A05D11B69853F0083B2B0 /* TTTodolistSampleTests.xctest */,
				875A05DC1B69853F0083B2B0 /* TTTodolistSampleUITests.xctest */,
			);
			name = Products;
			sourceTree = "<group>";
		};
		875A05BA1B69853F0083B2B0 /* TTTodolistSample */ = {
			isa = PBXGroup;
			children = (
				875A05BB1B69853F0083B2B0 /* AppDelegate.swift */,
				875A05C21B69853F0083B2B0 /* TodoDetailViewController.swift */,
				877D62731B6B4286003C4D43 /* TodoEditViewController.swift */,
				875A05C01B69853F0083B2B0 /* TodoListViewController.swift */,
				87E61C041B6993B4007067E9 /* TodoSampleAPI.swift */,
				875A05C41B69853F0083B2B0 /* Main.storyboard */,
				875A05C71B69853F0083B2B0 /* Assets.xcassets */,
				875A05C91B69853F0083B2B0 /* LaunchScreen.storyboard */,
				875A05CC1B69853F0083B2B0 /* Info.plist */,
				875A05BD1B69853F0083B2B0 /* TTTodolistSample.xcdatamodeld */,
			);
			path = TTTodolistSample;
			sourceTree = "<group>";
		};
		875A05D41B69853F0083B2B0 /* TTTodolistSampleTests */ = {
			isa = PBXGroup;
			children = (
				875A05D51B69853F0083B2B0 /* TTTodolistSampleTests.swift */,
				875A05D71B69853F0083B2B0 /* Info.plist */,
			);
			path = TTTodolistSampleTests;
			sourceTree = "<group>";
		};
		875A05DF1B69853F0083B2B0 /* TTTodolistSampleUITests */ = {
			isa = PBXGroup;
			children = (
				875A05E01B69853F0083B2B0 /* TTTodolistSampleUITests.swift */,
				875A05E21B69853F0083B2B0 /* Info.plist */,
			);
			path = TTTodolistSampleUITests;
			sourceTree = "<group>";
		};
/* End PBXGroup section */

/* Begin PBXNativeTarget section */
		875A05B71B69853F0083B2B0 /* TTTodolistSample */ = {
			isa = PBXNativeTarget;
			buildConfigurationList = 875A05E51B69853F0083B2B0 /* Build configuration list for PBXNativeTarget "TTTodolistSample" */;
			buildPhases = (
				02F61A03CBE1FD227EC5FE97 /* Check Pods Manifest.lock */,
				875A05B41B69853F0083B2B0 /* Sources */,
				875A05B51B69853F0083B2B0 /* Frameworks */,
				875A05B61B69853F0083B2B0 /* Resources */,
				A347764E1C0A60E81F1113EF /* Embed Pods Frameworks */,
				55C5E88581CC78DF4F6BE50D /* Copy Pods Resources */,
			);
			buildRules = (
			);
			dependencies = (
			);
			name = TTTodolistSample;
			productName = TTTodolistSample;
			productReference = 875A05B81B69853F0083B2B0 /* TTTodolistSample.app */;
			productType = "com.apple.product-type.application";
		};
		875A05D01B69853F0083B2B0 /* TTTodolistSampleTests */ = {
			isa = PBXNativeTarget;
			buildConfigurationList = 875A05E81B69853F0083B2B0 /* Build configuration list for PBXNativeTarget "TTTodolistSampleTests" */;
			buildPhases = (
				875A05CD1B69853F0083B2B0 /* Sources */,
				875A05CE1B69853F0083B2B0 /* Frameworks */,
				875A05CF1B69853F0083B2B0 /* Resources */,
			);
			buildRules = (
			);
			dependencies = (
				875A05D31B69853F0083B2B0 /* PBXTargetDependency */,
			);
			name = TTTodolistSampleTests;
			productName = TTTodolistSampleTests;
			productReference = 875A05D11B69853F0083B2B0 /* TTTodolistSampleTests.xctest */;
			productType = "com.apple.product-type.bundle.unit-test";
		};
		875A05DB1B69853F0083B2B0 /* TTTodolistSampleUITests */ = {
			isa = PBXNativeTarget;
			buildConfigurationList = 875A05EB1B69853F0083B2B0 /* Build configuration list for PBXNativeTarget "TTTodolistSampleUITests" */;
			buildPhases = (
				875A05D81B69853F0083B2B0 /* Sources */,
				875A05D91B69853F0083B2B0 /* Frameworks */,
				875A05DA1B69853F0083B2B0 /* Resources */,
			);
			buildRules = (
			);
			dependencies = (
				875A05DE1B69853F0083B2B0 /* PBXTargetDependency */,
			);
			name = TTTodolistSampleUITests;
			productName = TTTodolistSampleUITests;
			productReference = 875A05DC1B69853F0083B2B0 /* TTTodolistSampleUITests.xctest */;
			productType = "com.apple.product-type.bundle.ui-testing";
		};
/* End PBXNativeTarget section */

/* Begin PBXProject section */
		875A05B01B69853E0083B2B0 /* Project object */ = {
			isa = PBXProject;
			attributes = {
				LastSwiftUpdateCheck = 0700;
				LastUpgradeCheck = 0700;
				ORGANIZATIONNAME = "Takaaki Tanaka";
				TargetAttributes = {
					875A05B71B69853F0083B2B0 = {
						CreatedOnToolsVersion = 7.0;
					};
					875A05D01B69853F0083B2B0 = {
						CreatedOnToolsVersion = 7.0;
						TestTargetID = 875A05B71B69853F0083B2B0;
					};
					875A05DB1B69853F0083B2B0 = {
						CreatedOnToolsVersion = 7.0;
						TestTargetID = 875A05B71B69853F0083B2B0;
					};
				};
			};
			buildConfigurationList = 875A05B31B69853E0083B2B0 /* Build configuration list for PBXProject "TTTodolistSample" */;
			compatibilityVersion = "Xcode 3.2";
			developmentRegion = English;
			hasScannedForEncodings = 0;
			knownRegions = (
				en,
				Base,
			);
			mainGroup = 875A05AF1B69853E0083B2B0;
			productRefGroup = 875A05B91B69853F0083B2B0 /* Products */;
			projectDirPath = "";
			projectRoot = "";
			targets = (
				875A05B71B69853F0083B2B0 /* TTTodolistSample */,
				875A05D01B69853F0083B2B0 /* TTTodolistSampleTests */,
				875A05DB1B69853F0083B2B0 /* TTTodolistSampleUITests */,
			);
		};
/* End PBXProject section */

/* Begin PBXResourcesBuildPhase section */
		875A05B61B69853F0083B2B0 /* Resources */ = {
			isa = PBXResourcesBuildPhase;
			buildActionMask = 2147483647;
			files = (
				875A05CB1B69853F0083B2B0 /* LaunchScreen.storyboard in Resources */,
				875A05C81B69853F0083B2B0 /* Assets.xcassets in Resources */,
				875A05C61B69853F0083B2B0 /* Main.storyboard in Resources */,
			);
			runOnlyForDeploymentPostprocessing = 0;
		};
		875A05CF1B69853F0083B2B0 /* Resources */ = {
			isa = PBXResourcesBuildPhase;
			buildActionMask = 2147483647;
			files = (
			);
			runOnlyForDeploymentPostprocessing = 0;
		};
		875A05DA1B69853F0083B2B0 /* Resources */ = {
			isa = PBXResourcesBuildPhase;
			buildActionMask = 2147483647;
			files = (
			);
			runOnlyForDeploymentPostprocessing = 0;
		};
/* End PBXResourcesBuildPhase section */

/* Begin PBXShellScriptBuildPhase section */
		02F61A03CBE1FD227EC5FE97 /* Check Pods Manifest.lock */ = {
			isa = PBXShellScriptBuildPhase;
			buildActionMask = 2147483647;
			files = (
			);
			inputPaths = (
			);
			name = "Check Pods Manifest.lock";
			outputPaths = (
			);
			runOnlyForDeploymentPostprocessing = 0;
			shellPath = /bin/sh;
			shellScript = "diff \"${PODS_ROOT}/../Podfile.lock\" \"${PODS_ROOT}/Manifest.lock\" > /dev/null\nif [[ $? != 0 ]] ; then\n    cat << EOM\nerror: The sandbox is not in sync with the Podfile.lock. Run 'pod install' or update your CocoaPods installation.\nEOM\n    exit 1\nfi\n";
			showEnvVarsInLog = 0;
		};
		55C5E88581CC78DF4F6BE50D /* Copy Pods Resources */ = {
			isa = PBXShellScriptBuildPhase;
			buildActionMask = 2147483647;
			files = (
			);
			inputPaths = (
			);
			name = "Copy Pods Resources";
			outputPaths = (
			);
			runOnlyForDeploymentPostprocessing = 0;
			shellPath = /bin/sh;
			shellScript = "\"${SRCROOT}/Pods/Target Support Files/Pods-TTTodolistSample/Pods-TTTodolistSample-resources.sh\"\n";
			showEnvVarsInLog = 0;
		};
		A347764E1C0A60E81F1113EF /* Embed Pods Frameworks */ = {
			isa = PBXShellScriptBuildPhase;
			buildActionMask = 2147483647;
			files = (
			);
			inputPaths = (
			);
			name = "Embed Pods Frameworks";
			outputPaths = (
			);
			runOnlyForDeploymentPostprocessing = 0;
			shellPath = /bin/sh;
			shellScript = "\"${SRCROOT}/Pods/Target Support Files/Pods-TTTodolistSample/Pods-TTTodolistSample-frameworks.sh\"\n";
			showEnvVarsInLog = 0;
		};
/* End PBXShellScriptBuildPhase section */

/* Begin PBXSourcesBuildPhase section */
		875A05B41B69853F0083B2B0 /* Sources */ = {
			isa = PBXSourcesBuildPhase;
			buildActionMask = 2147483647;
			files = (
				875A05BC1B69853F0083B2B0 /* AppDelegate.swift in Sources */,
				875A05BF1B69853F0083B2B0 /* TTTodolistSample.xcdatamodeld in Sources */,
				875A05C11B69853F0083B2B0 /* TodoListViewController.swift in Sources */,
				87E61C051B6993B4007067E9 /* TodoSampleAPI.swift in Sources */,
				877D62741B6B4286003C4D43 /* TodoEditViewController.swift in Sources */,
				875A05C31B69853F0083B2B0 /* TodoDetailViewController.swift in Sources */,
			);
			runOnlyForDeploymentPostprocessing = 0;
		};
		875A05CD1B69853F0083B2B0 /* Sources */ = {
			isa = PBXSourcesBuildPhase;
			buildActionMask = 2147483647;
			files = (
				87E61C061B6993B4007067E9 /* TodoSampleAPI.swift in Sources */,
				877D62751B6B4286003C4D43 /* TodoEditViewController.swift in Sources */,
				875A05D61B69853F0083B2B0 /* TTTodolistSampleTests.swift in Sources */,
			);
			runOnlyForDeploymentPostprocessing = 0;
		};
		875A05D81B69853F0083B2B0 /* Sources */ = {
			isa = PBXSourcesBuildPhase;
			buildActionMask = 2147483647;
			files = (
				87E61C071B6993B4007067E9 /* TodoSampleAPI.swift in Sources */,
				877D62761B6B4286003C4D43 /* TodoEditViewController.swift in Sources */,
				875A05E11B69853F0083B2B0 /* TTTodolistSampleUITests.swift in Sources */,
			);
			runOnlyForDeploymentPostprocessing = 0;
		};
/* End PBXSourcesBuildPhase section */

/* Begin PBXTargetDependency section */
		875A05D31B69853F0083B2B0 /* PBXTargetDependency */ = {
			isa = PBXTargetDependency;
			target = 875A05B71B69853F0083B2B0 /* TTTodolistSample */;
			targetProxy = 875A05D21B69853F0083B2B0 /* PBXContainerItemProxy */;
		};
		875A05DE1B69853F0083B2B0 /* PBXTargetDependency */ = {
			isa = PBXTargetDependency;
			target = 875A05B71B69853F0083B2B0 /* TTTodolistSample */;
			targetProxy = 875A05DD1B69853F0083B2B0 /* PBXContainerItemProxy */;
		};
/* End PBXTargetDependency section */

/* Begin PBXVariantGroup section */
		875A05C41B69853F0083B2B0 /* Main.storyboard */ = {
			isa = PBXVariantGroup;
			children = (
				875A05C51B69853F0083B2B0 /* Base */,
			);
			name = Main.storyboard;
			sourceTree = "<group>";
		};
		875A05C91B69853F0083B2B0 /* LaunchScreen.storyboard */ = {
			isa = PBXVariantGroup;
			children = (
				875A05CA1B69853F0083B2B0 /* Base */,
			);
			name = LaunchScreen.storyboard;
			sourceTree = "<group>";
		};
/* End PBXVariantGroup section */

/* Begin XCBuildConfiguration section */
		875A05E31B69853F0083B2B0 /* Debug */ = {
			isa = XCBuildConfiguration;
			buildSettings = {
				ALWAYS_SEARCH_USER_PATHS = NO;
				CLANG_CXX_LANGUAGE_STANDARD = "gnu++0x";
				CLANG_CXX_LIBRARY = "libc++";
				CLANG_ENABLE_MODULES = YES;
				CLANG_ENABLE_OBJC_ARC = YES;
				CLANG_WARN_BOOL_CONVERSION = YES;
				CLANG_WARN_CONSTANT_CONVERSION = YES;
				CLANG_WARN_DIRECT_OBJC_ISA_USAGE = YES_ERROR;
				CLANG_WARN_EMPTY_BODY = YES;
				CLANG_WARN_ENUM_CONVERSION = YES;
				CLANG_WARN_INT_CONVERSION = YES;
				CLANG_WARN_OBJC_ROOT_CLASS = YES_ERROR;
				CLANG_WARN_UNREACHABLE_CODE = YES;
				CLANG_WARN__DUPLICATE_METHOD_MATCH = YES;
				"CODE_SIGN_IDENTITY[sdk=iphoneos*]" = "iPhone Developer";
				COPY_PHASE_STRIP = NO;
				DEBUG_INFORMATION_FORMAT = dwarf;
				ENABLE_STRICT_OBJC_MSGSEND = YES;
				ENABLE_TESTABILITY = YES;
				GCC_C_LANGUAGE_STANDARD = gnu99;
				GCC_DYNAMIC_NO_PIC = NO;
				GCC_NO_COMMON_BLOCKS = YES;
				GCC_OPTIMIZATION_LEVEL = 0;
				GCC_PREPROCESSOR_DEFINITIONS = (
					"DEBUG=1",
					"$(inherited)",
				);
				GCC_WARN_64_TO_32_BIT_CONVERSION = YES;
				GCC_WARN_ABOUT_RETURN_TYPE = YES_ERROR;
				GCC_WARN_UNDECLARED_SELECTOR = YES;
				GCC_WARN_UNINITIALIZED_AUTOS = YES_AGGRESSIVE;
				GCC_WARN_UNUSED_FUNCTION = YES;
				GCC_WARN_UNUSED_VARIABLE = YES;
				IPHONEOS_DEPLOYMENT_TARGET = 9.0;
				MTL_ENABLE_DEBUG_INFO = YES;
				ONLY_ACTIVE_ARCH = YES;
				SDKROOT = iphoneos;
				SWIFT_OPTIMIZATION_LEVEL = "-Onone";
				TARGETED_DEVICE_FAMILY = "1,2";
			};
			name = Debug;
		};
		875A05E41B69853F0083B2B0 /* Release */ = {
			isa = XCBuildConfiguration;
			buildSettings = {
				ALWAYS_SEARCH_USER_PATHS = NO;
				CLANG_CXX_LANGUAGE_STANDARD = "gnu++0x";
				CLANG_CXX_LIBRARY = "libc++";
				CLANG_ENABLE_MODULES = YES;
				CLANG_ENABLE_OBJC_ARC = YES;
				CLANG_WARN_BOOL_CONVERSION = YES;
				CLANG_WARN_CONSTANT_CONVERSION = YES;
				CLANG_WARN_DIRECT_OBJC_ISA_USAGE = YES_ERROR;
				CLANG_WARN_EMPTY_BODY = YES;
				CLANG_WARN_ENUM_CONVERSION = YES;
				CLANG_WARN_INT_CONVERSION = YES;
				CLANG_WARN_OBJC_ROOT_CLASS = YES_ERROR;
				CLANG_WARN_UNREACHABLE_CODE = YES;
				CLANG_WARN__DUPLICATE_METHOD_MATCH = YES;
				"CODE_SIGN_IDENTITY[sdk=iphoneos*]" = "iPhone Developer";
				COPY_PHASE_STRIP = NO;
				DEBUG_INFORMATION_FORMAT = "dwarf-with-dsym";
				ENABLE_NS_ASSERTIONS = NO;
				ENABLE_STRICT_OBJC_MSGSEND = YES;
				GCC_C_LANGUAGE_STANDARD = gnu99;
				GCC_NO_COMMON_BLOCKS = YES;
				GCC_WARN_64_TO_32_BIT_CONVERSION = YES;
				GCC_WARN_ABOUT_RETURN_TYPE = YES_ERROR;
				GCC_WARN_UNDECLARED_SELECTOR = YES;
				GCC_WARN_UNINITIALIZED_AUTOS = YES_AGGRESSIVE;
				GCC_WARN_UNUSED_FUNCTION = YES;
				GCC_WARN_UNUSED_VARIABLE = YES;
				IPHONEOS_DEPLOYMENT_TARGET = 9.0;
				MTL_ENABLE_DEBUG_INFO = NO;
				SDKROOT = iphoneos;
				TARGETED_DEVICE_FAMILY = "1,2";
				VALIDATE_PRODUCT = YES;
			};
			name = Release;
		};
		875A05E61B69853F0083B2B0 /* Debug */ = {
			isa = XCBuildConfiguration;
			baseConfigurationReference = 7062D338675FE940B1147AF3 /* Pods-TTTodolistSample.debug.xcconfig */;
			buildSettings = {
				ASSETCATALOG_COMPILER_APPICON_NAME = AppIcon;
				INFOPLIST_FILE = TTTodolistSample/Info.plist;
				LD_RUNPATH_SEARCH_PATHS = "$(inherited) @executable_path/Frameworks";
				PRODUCT_BUNDLE_IDENTIFIER = com.kongmings.TTTodolistSample;
				PRODUCT_NAME = "$(TARGET_NAME)";
			};
			name = Debug;
		};
		875A05E71B69853F0083B2B0 /* Release */ = {
			isa = XCBuildConfiguration;
			baseConfigurationReference = 3E80B0940D262067A7264603 /* Pods-TTTodolistSample.release.xcconfig */;
			buildSettings = {
				ASSETCATALOG_COMPILER_APPICON_NAME = AppIcon;
				INFOPLIST_FILE = TTTodolistSample/Info.plist;
				LD_RUNPATH_SEARCH_PATHS = "$(inherited) @executable_path/Frameworks";
				PRODUCT_BUNDLE_IDENTIFIER = com.kongmings.TTTodolistSample;
				PRODUCT_NAME = "$(TARGET_NAME)";
			};
			name = Release;
		};
		875A05E91B69853F0083B2B0 /* Debug */ = {
			isa = XCBuildConfiguration;
			buildSettings = {
				BUNDLE_LOADER = "$(TEST_HOST)";
				INFOPLIST_FILE = TTTodolistSampleTests/Info.plist;
				LD_RUNPATH_SEARCH_PATHS = "$(inherited) @executable_path/Frameworks @loader_path/Frameworks";
				PRODUCT_BUNDLE_IDENTIFIER = com.kongmings.TTTodolistSampleTests;
				PRODUCT_NAME = "$(TARGET_NAME)";
				TEST_HOST = "$(BUILT_PRODUCTS_DIR)/TTTodolistSample.app/TTTodolistSample";
			};
			name = Debug;
		};
		875A05EA1B69853F0083B2B0 /* Release */ = {
			isa = XCBuildConfiguration;
			buildSettings = {
				BUNDLE_LOADER = "$(TEST_HOST)";
				INFOPLIST_FILE = TTTodolistSampleTests/Info.plist;
				LD_RUNPATH_SEARCH_PATHS = "$(inherited) @executable_path/Frameworks @loader_path/Frameworks";
				PRODUCT_BUNDLE_IDENTIFIER = com.kongmings.TTTodolistSampleTests;
				PRODUCT_NAME = "$(TARGET_NAME)";
				TEST_HOST = "$(BUILT_PRODUCTS_DIR)/TTTodolistSample.app/TTTodolistSample";
			};
			name = Release;
		};
		875A05EC1B69853F0083B2B0 /* Debug */ = {
			isa = XCBuildConfiguration;
			buildSettings = {
				INFOPLIST_FILE = TTTodolistSampleUITests/Info.plist;
				LD_RUNPATH_SEARCH_PATHS = "$(inherited) @executable_path/Frameworks @loader_path/Frameworks";
				PRODUCT_BUNDLE_IDENTIFIER = com.kongmings.TTTodolistSampleUITests;
				PRODUCT_NAME = "$(TARGET_NAME)";
				TEST_TARGET_NAME = TTTodolistSample;
				USES_XCTRUNNER = YES;
			};
			name = Debug;
		};
		875A05ED1B69853F0083B2B0 /* Release */ = {
			isa = XCBuildConfiguration;
			buildSettings = {
				INFOPLIST_FILE = TTTodolistSampleUITests/Info.plist;
				LD_RUNPATH_SEARCH_PATHS = "$(inherited) @executable_path/Frameworks @loader_path/Frameworks";
				PRODUCT_BUNDLE_IDENTIFIER = com.kongmings.TTTodolistSampleUITests;
				PRODUCT_NAME = "$(TARGET_NAME)";
				TEST_TARGET_NAME = TTTodolistSample;
				USES_XCTRUNNER = YES;
			};
			name = Release;
		};
/* End XCBuildConfiguration section */

/* Begin XCConfigurationList section */
		875A05B31B69853E0083B2B0 /* Build configuration list for PBXProject "TTTodolistSample" */ = {
			isa = XCConfigurationList;
			buildConfigurations = (
				875A05E31B69853F0083B2B0 /* Debug */,
				875A05E41B69853F0083B2B0 /* Release */,
			);
			defaultConfigurationIsVisible = 0;
			defaultConfigurationName = Release;
		};
		875A05E51B69853F0083B2B0 /* Build configuration list for PBXNativeTarget "TTTodolistSample" */ = {
			isa = XCConfigurationList;
			buildConfigurations = (
				875A05E61B69853F0083B2B0 /* Debug */,
				875A05E71B69853F0083B2B0 /* Release */,
			);
			defaultConfigurationIsVisible = 0;
			defaultConfigurationName = Release;
		};
		875A05E81B69853F0083B2B0 /* Build configuration list for PBXNativeTarget "TTTodolistSampleTests" */ = {
			isa = XCConfigurationList;
			buildConfigurations = (
				875A05E91B69853F0083B2B0 /* Debug */,
				875A05EA1B69853F0083B2B0 /* Release */,
			);
			defaultConfigurationIsVisible = 0;
			defaultConfigurationName = Release;
		};
		875A05EB1B69853F0083B2B0 /* Build configuration list for PBXNativeTarget "TTTodolistSampleUITests" */ = {
			isa = XCConfigurationList;
			buildConfigurations = (
				875A05EC1B69853F0083B2B0 /* Debug */,
				875A05ED1B69853F0083B2B0 /* Release */,
			);
			defaultConfigurationIsVisible = 0;
			defaultConfigurationName = Release;
		};
/* End XCConfigurationList section */

/* Begin XCVersionGroup section */
		875A05BD1B69853F0083B2B0 /* TTTodolistSample.xcdatamodeld */ = {
			isa = XCVersionGroup;
			children = (
				875A05BE1B69853F0083B2B0 /* TTTodolistSample.xcdatamodel */,
			);
			currentVersion = 875A05BE1B69853F0083B2B0 /* TTTodolistSample.xcdatamodel */;
			path = TTTodolistSample.xcdatamodeld;
			sourceTree = "<group>";
			versionGroupType = wrapper.xcdatamodel;
		};
/* End XCVersionGroup section */
	};
	rootObject = 875A05B01B69853E0083B2B0 /* Project object */;
}
